{
  "pins" : [
    {
      "identity" : "groceryappshareddto",
      "kind" : "remoteSourceControl",
      "location" : "https://github.com/rumenguin/GroceryAppSharedDTO.git",
      "state" : {
        "branch" : "main",
        "revision" : "36ee048b6c56214a52a644ef79f39700d69b8877"
      }
    }
  ],
  "version" : 2
}
